
Microsoft Visual Studio Solution File, Format Version 12.00
# Visual Studio 15
VisualStudioVersion = 15.0.28307.329
MinimumVisualStudioVersion = 10.0.40219.1
Project("{8BC9CEB8-8B4A-11D0-8D11-00A0C91BC942}") = "LabLIPOAS2", "LabLIPOAS2\LabLIPOAS2.vcxproj", "{E926BF24-AB0C-431F-96A3-1A3E64412623}"
EndProject
Project("{8BC9CEB8-8B4A-11D0-8D11-00A0C91BC942}") = "UnitTest1", "UnitTest1\UnitTest1.vcxproj", "{6C1581EA-22E0-475B-A606-1A32E1DDDA58}"
EndProject
Global
	GlobalSection(SolutionConfigurationPlatforms) = preSolution
		Debug|x64 = Debug|x64
		Debug|x86 = Debug|x86
		Release|x64 = Release|x64
		Release|x86 = Release|x86
	EndGlobalSection
	GlobalSection(ProjectConfigurationPlatforms) = postSolution
		{E926BF24-AB0C-431F-96A3-1A3E64412623}.Debug|x64.ActiveCfg = Debug|x64
		{E926BF24-AB0C-431F-96A3-1A3E64412623}.Debug|x64.Build.0 = Debug|x64
		{E926BF24-AB0C-431F-96A3-1A3E64412623}.Debug|x86.ActiveCfg = Debug|Win32
		{E926BF24-AB0C-431F-96A3-1A3E64412623}.Debug|x86.Build.0 = Debug|Win32
		{E926BF24-AB0C-431F-96A3-1A3E64412623}.Release|x64.ActiveCfg = Release|x64
		{E926BF24-AB0C-431F-96A3-1A3E64412623}.Release|x64.Build.0 = Release|x64
		{E926BF24-AB0C-431F-96A3-1A3E64412623}.Release|x86.ActiveCfg = Release|Win32
		{E926BF24-AB0C-431F-96A3-1A3E64412623}.Release|x86.Build.0 = Release|Win32
		{6C1581EA-22E0-475B-A606-1A32E1DDDA58}.Debug|x64.ActiveCfg = Debug|x64
		{6C1581EA-22E0-475B-A606-1A32E1DDDA58}.Debug|x64.Build.0 = Debug|x64
		{6C1581EA-22E0-475B-A606-1A32E1DDDA58}.Debug|x86.ActiveCfg = Debug|Win32
		{6C1581EA-22E0-475B-A606-1A32E1DDDA58}.Debug|x86.Build.0 = Debug|Win32
		{6C1581EA-22E0-475B-A606-1A32E1DDDA58}.Release|x64.ActiveCfg = Release|x64
		{6C1581EA-22E0-475B-A606-1A32E1DDDA58}.Release|x64.Build.0 = Release|x64
		{6C1581EA-22E0-475B-A606-1A32E1DDDA58}.Release|x86.ActiveCfg = Release|Win32
		{6C1581EA-22E0-475B-A606-1A32E1DDDA58}.Release|x86.Build.0 = Release|Win32
	EndGlobalSection
	GlobalSection(SolutionProperties) = preSolution
		HideSolutionNode = FALSE
	EndGlobalSection
	GlobalSection(ExtensibilityGlobals) = postSolution
		SolutionGuid = {31872387-17C4-430A-A63A-98EF62FBBD89}
	EndGlobalSection
EndGlobal
